
Microsoft Visual Studio Solution File, Format Version 12.00
# Visual Studio Version 17
VisualStudioVersion = 17.8.34511.84
MinimumVisualStudioVersion = 10.0.40219.1
Project("{FAE04EC0-301F-11D3-BF4B-00C04F79EFBC}") = "AzureOpenAIChat", "AzureOpenAIChat\AzureOpenAIChat.csproj", "{AC4BBF21-691E-45B5-B7D1-4762BB39BB20}"
EndProject
Global
	GlobalSection(SolutionConfigurationPlatforms) = preSolution
		Debug|Any CPU = Debug|Any CPU
		Release|Any CPU = Release|Any CPU
	EndGlobalSection
	GlobalSection(ProjectConfigurationPlatforms) = postSolution
		{AC4BBF21-691E-45B5-B7D1-4762BB39BB20}.Debug|Any CPU.ActiveCfg = Debug|Any CPU
		{AC4BBF21-691E-45B5-B7D1-4762BB39BB20}.Debug|Any CPU.Build.0 = Debug|Any CPU
		{AC4BBF21-691E-45B5-B7D1-4762BB39BB20}.Release|Any CPU.ActiveCfg = Release|Any CPU
		{AC4BBF21-691E-45B5-B7D1-4762BB39BB20}.Release|Any CPU.Build.0 = Release|Any CPU
	EndGlobalSection
	GlobalSection(SolutionProperties) = preSolution
		HideSolutionNode = FALSE
	EndGlobalSection
	GlobalSection(ExtensibilityGlobals) = postSolution
		SolutionGuid = {CBC27927-15AB-46F8-A869-0FBBBC5DF55C}
	EndGlobalSection
EndGlobal
